
Microsoft Visual Studio Solution File, Format Version 12.00
# Visual Studio Version 16
VisualStudioVersion = 16.0.31019.35
MinimumVisualStudioVersion = 10.0.40219.1
Project("{8BC9CEB8-8B4A-11D0-8D11-00A0C91BC942}") = "Strategy First", "Strategy First\Strategy First.vcxproj", "{89A1B572-043C-4F52-9AB6-268D88B0D282}"
EndProject
Global
	GlobalSection(SolutionConfigurationPlatforms) = preSolution
		Debug|x64 = Debug|x64
		Debug|x86 = Debug|x86
		Release|x64 = Release|x64
		Release|x86 = Release|x86
	EndGlobalSection
	GlobalSection(ProjectConfigurationPlatforms) = postSolution
		{89A1B572-043C-4F52-9AB6-268D88B0D282}.Debug|x64.ActiveCfg = Debug|x64
		{89A1B572-043C-4F52-9AB6-268D88B0D282}.Debug|x64.Build.0 = Debug|x64
		{89A1B572-043C-4F52-9AB6-268D88B0D282}.Debug|x86.ActiveCfg = Debug|Win32
		{89A1B572-043C-4F52-9AB6-268D88B0D282}.Debug|x86.Build.0 = Debug|Win32
		{89A1B572-043C-4F52-9AB6-268D88B0D282}.Release|x64.ActiveCfg = Release|x64
		{89A1B572-043C-4F52-9AB6-268D88B0D282}.Release|x64.Build.0 = Release|x64
		{89A1B572-043C-4F52-9AB6-268D88B0D282}.Release|x86.ActiveCfg = Release|Win32
		{89A1B572-043C-4F52-9AB6-268D88B0D282}.Release|x86.Build.0 = Release|Win32
	EndGlobalSection
	GlobalSection(SolutionProperties) = preSolution
		HideSolutionNode = FALSE
	EndGlobalSection
	GlobalSection(ExtensibilityGlobals) = postSolution
		SolutionGuid = {914A3AA0-BB39-474C-BC5D-06D8C157808B}
	EndGlobalSection
EndGlobal
